
Microsoft Visual Studio Solution File, Format Version 12.00
# Visual Studio Version 17
VisualStudioVersion = 17.7.34031.279
MinimumVisualStudioVersion = 10.0.40219.1
Project("{FAE04EC0-301F-11D3-BF4B-00C04F79EFBC}") = "EmployeeTest", "EmployeeTest\EmployeeTest.csproj", "{BC77D1D3-79BD-439D-A107-99D93B151C4F}"
EndProject
Global
	GlobalSection(SolutionConfigurationPlatforms) = preSolution
		Debug|Any CPU = Debug|Any CPU
		Release|Any CPU = Release|Any CPU
	EndGlobalSection
	GlobalSection(ProjectConfigurationPlatforms) = postSolution
		{BC77D1D3-79BD-439D-A107-99D93B151C4F}.Debug|Any CPU.ActiveCfg = Debug|Any CPU
		{BC77D1D3-79BD-439D-A107-99D93B151C4F}.Debug|Any CPU.Build.0 = Debug|Any CPU
		{BC77D1D3-79BD-439D-A107-99D93B151C4F}.Release|Any CPU.ActiveCfg = Release|Any CPU
		{BC77D1D3-79BD-439D-A107-99D93B151C4F}.Release|Any CPU.Build.0 = Release|Any CPU
	EndGlobalSection
	GlobalSection(SolutionProperties) = preSolution
		HideSolutionNode = FALSE
	EndGlobalSection
	GlobalSection(ExtensibilityGlobals) = postSolution
		SolutionGuid = {99E53C16-621F-4526-965F-5B846E09B41C}
	EndGlobalSection
EndGlobal
